
Microsoft Visual Studio Solution File, Format Version 12.00
Project("{2150E333-8FDC-42A3-9474-1A3956D46DE8}") = "src", "src", "{AF163986-C58A-445A-AF7A-525DB9F50D91}"
EndProject
Project("{FAE04EC0-301F-11D3-BF4B-00C04F79EFBC}") = "Journey.Api", "src\Journey.Api\Journey.Api.csproj", "{96A62CE9-90DC-4BFD-A1B1-0BA60725DF03}"
	ProjectSection(ProjectDependencies) = postProject
		{0C530058-11FC-44A7-BDF7-BD539848B6D9} = {0C530058-11FC-44A7-BDF7-BD539848B6D9}
		{310B94A1-6004-46FC-A38C-AE8994D72B12} = {310B94A1-6004-46FC-A38C-AE8994D72B12}
		{D8199D32-7FFD-4AD1-BD3D-0C25E81D7E45} = {D8199D32-7FFD-4AD1-BD3D-0C25E81D7E45}
		{25BCC29B-67B7-4ED6-A9CA-B9A519A80B76} = {25BCC29B-67B7-4ED6-A9CA-B9A519A80B76}
		{8ABEFE87-A666-40B2-A3D6-08EF539F14DB} = {8ABEFE87-A666-40B2-A3D6-08EF539F14DB}
	EndProjectSection
EndProject
Project("{FAE04EC0-301F-11D3-BF4B-00C04F79EFBC}") = "Journey.Application", "src\Journey.Application\Journey.Application.csproj", "{0C530058-11FC-44A7-BDF7-BD539848B6D9}"
	ProjectSection(ProjectDependencies) = postProject
		{310B94A1-6004-46FC-A38C-AE8994D72B12} = {310B94A1-6004-46FC-A38C-AE8994D72B12}
		{D8199D32-7FFD-4AD1-BD3D-0C25E81D7E45} = {D8199D32-7FFD-4AD1-BD3D-0C25E81D7E45}
		{25BCC29B-67B7-4ED6-A9CA-B9A519A80B76} = {25BCC29B-67B7-4ED6-A9CA-B9A519A80B76}
		{8ABEFE87-A666-40B2-A3D6-08EF539F14DB} = {8ABEFE87-A666-40B2-A3D6-08EF539F14DB}
	EndProjectSection
EndProject
Project("{FAE04EC0-301F-11D3-BF4B-00C04F79EFBC}") = "Journey.Communication", "src\Journey.Communication\Journey.Communication.csproj", "{310B94A1-6004-46FC-A38C-AE8994D72B12}"
EndProject
Project("{FAE04EC0-301F-11D3-BF4B-00C04F79EFBC}") = "Journey.Infrastructure", "src\Journey.Infrastructure\Journey.Infrastructure.csproj", "{25BCC29B-67B7-4ED6-A9CA-B9A519A80B76}"
	ProjectSection(ProjectDependencies) = postProject
		{310B94A1-6004-46FC-A38C-AE8994D72B12} = {310B94A1-6004-46FC-A38C-AE8994D72B12}
		{8ABEFE87-A666-40B2-A3D6-08EF539F14DB} = {8ABEFE87-A666-40B2-A3D6-08EF539F14DB}
		{D8199D32-7FFD-4AD1-BD3D-0C25E81D7E45} = {D8199D32-7FFD-4AD1-BD3D-0C25E81D7E45}
	EndProjectSection
EndProject
Project("{FAE04EC0-301F-11D3-BF4B-00C04F79EFBC}") = "Journey.Exception", "src\Journey.Exception\Journey.Exception.csproj", "{D8199D32-7FFD-4AD1-BD3D-0C25E81D7E45}"
EndProject
Project("{2150E333-8FDC-42A3-9474-1A3956D46DE8}") = "tests", "tests", "{2FB313F3-8675-4FB5-BE63-1A9C84CCE03F}"
EndProject
Project("{FAE04EC0-301F-11D3-BF4B-00C04F79EFBC}") = "Journey.Domain", "src\Journey.Domain\Journey.Domain.csproj", "{8ABEFE87-A666-40B2-A3D6-08EF539F14DB}"
EndProject
Global
	GlobalSection(SolutionConfigurationPlatforms) = preSolution
		Debug|Any CPU = Debug|Any CPU
		Release|Any CPU = Release|Any CPU
	EndGlobalSection
	GlobalSection(NestedProjects) = preSolution
		{96A62CE9-90DC-4BFD-A1B1-0BA60725DF03} = {AF163986-C58A-445A-AF7A-525DB9F50D91}
		{0C530058-11FC-44A7-BDF7-BD539848B6D9} = {AF163986-C58A-445A-AF7A-525DB9F50D91}
		{310B94A1-6004-46FC-A38C-AE8994D72B12} = {AF163986-C58A-445A-AF7A-525DB9F50D91}
		{25BCC29B-67B7-4ED6-A9CA-B9A519A80B76} = {AF163986-C58A-445A-AF7A-525DB9F50D91}
		{D8199D32-7FFD-4AD1-BD3D-0C25E81D7E45} = {AF163986-C58A-445A-AF7A-525DB9F50D91}
		{8ABEFE87-A666-40B2-A3D6-08EF539F14DB} = {AF163986-C58A-445A-AF7A-525DB9F50D91}
	EndGlobalSection
	GlobalSection(ProjectConfigurationPlatforms) = postSolution
		{96A62CE9-90DC-4BFD-A1B1-0BA60725DF03}.Debug|Any CPU.ActiveCfg = Debug|Any CPU
		{96A62CE9-90DC-4BFD-A1B1-0BA60725DF03}.Debug|Any CPU.Build.0 = Debug|Any CPU
		{96A62CE9-90DC-4BFD-A1B1-0BA60725DF03}.Release|Any CPU.ActiveCfg = Release|Any CPU
		{96A62CE9-90DC-4BFD-A1B1-0BA60725DF03}.Release|Any CPU.Build.0 = Release|Any CPU
		{0C530058-11FC-44A7-BDF7-BD539848B6D9}.Debug|Any CPU.ActiveCfg = Debug|Any CPU
		{0C530058-11FC-44A7-BDF7-BD539848B6D9}.Debug|Any CPU.Build.0 = Debug|Any CPU
		{0C530058-11FC-44A7-BDF7-BD539848B6D9}.Release|Any CPU.ActiveCfg = Release|Any CPU
		{0C530058-11FC-44A7-BDF7-BD539848B6D9}.Release|Any CPU.Build.0 = Release|Any CPU
		{310B94A1-6004-46FC-A38C-AE8994D72B12}.Debug|Any CPU.ActiveCfg = Debug|Any CPU
		{310B94A1-6004-46FC-A38C-AE8994D72B12}.Debug|Any CPU.Build.0 = Debug|Any CPU
		{310B94A1-6004-46FC-A38C-AE8994D72B12}.Release|Any CPU.ActiveCfg = Release|Any CPU
		{310B94A1-6004-46FC-A38C-AE8994D72B12}.Release|Any CPU.Build.0 = Release|Any CPU
		{25BCC29B-67B7-4ED6-A9CA-B9A519A80B76}.Debug|Any CPU.ActiveCfg = Debug|Any CPU
		{25BCC29B-67B7-4ED6-A9CA-B9A519A80B76}.Debug|Any CPU.Build.0 = Debug|Any CPU
		{25BCC29B-67B7-4ED6-A9CA-B9A519A80B76}.Release|Any CPU.ActiveCfg = Release|Any CPU
		{25BCC29B-67B7-4ED6-A9CA-B9A519A80B76}.Release|Any CPU.Build.0 = Release|Any CPU
		{D8199D32-7FFD-4AD1-BD3D-0C25E81D7E45}.Debug|Any CPU.ActiveCfg = Debug|Any CPU
		{D8199D32-7FFD-4AD1-BD3D-0C25E81D7E45}.Debug|Any CPU.Build.0 = Debug|Any CPU
		{D8199D32-7FFD-4AD1-BD3D-0C25E81D7E45}.Release|Any CPU.ActiveCfg = Release|Any CPU
		{D8199D32-7FFD-4AD1-BD3D-0C25E81D7E45}.Release|Any CPU.Build.0 = Release|Any CPU
		{8ABEFE87-A666-40B2-A3D6-08EF539F14DB}.Debug|Any CPU.ActiveCfg = Debug|Any CPU
		{8ABEFE87-A666-40B2-A3D6-08EF539F14DB}.Debug|Any CPU.Build.0 = Debug|Any CPU
		{8ABEFE87-A666-40B2-A3D6-08EF539F14DB}.Release|Any CPU.ActiveCfg = Release|Any CPU
		{8ABEFE87-A666-40B2-A3D6-08EF539F14DB}.Release|Any CPU.Build.0 = Release|Any CPU
	EndGlobalSection
EndGlobal
